
Microsoft Visual Studio Solution File, Format Version 12.00
# Visual Studio 14
VisualStudioVersion = 14.0.25123.0
MinimumVisualStudioVersion = 10.0.40219.1
Project("{D954291E-2A0B-460D-934E-DC6B0785DB48}") = "pi-scheduler", "pi-scheduler.shproj", "{6A29F498-0548-4299-A7E5-FA5985DEBE93}"
EndProject
Global
	GlobalSection(SharedMSBuildProjectFiles) = preSolution
		pi-scheduler.projitems*{6a29f498-0548-4299-a7e5-fa5985debe93}*SharedItemsImports = 13
	EndGlobalSection
	GlobalSection(SolutionProperties) = preSolution
		HideSolutionNode = FALSE
	EndGlobalSection
EndGlobal
